
Microsoft Visual Studio Solution File, Format Version 12.00
# Visual Studio Version 17
VisualStudioVersion = 17.6.33712.159
MinimumVisualStudioVersion = 10.0.40219.1
Project("{8BC9CEB8-8B4A-11D0-8D11-00A0C91BC942}") = "PP-2", "PP-2\PP-2.vcxproj", "{2EBDA6F6-FD8E-4B01-A034-2A55589A6C52}"
EndProject
Global
	GlobalSection(SolutionConfigurationPlatforms) = preSolution
		Debug|x64 = Debug|x64
		Debug|x86 = Debug|x86
		Release|x64 = Release|x64
		Release|x86 = Release|x86
	EndGlobalSection
	GlobalSection(ProjectConfigurationPlatforms) = postSolution
		{2EBDA6F6-FD8E-4B01-A034-2A55589A6C52}.Debug|x64.ActiveCfg = Debug|x64
		{2EBDA6F6-FD8E-4B01-A034-2A55589A6C52}.Debug|x64.Build.0 = Debug|x64
		{2EBDA6F6-FD8E-4B01-A034-2A55589A6C52}.Debug|x86.ActiveCfg = Debug|Win32
		{2EBDA6F6-FD8E-4B01-A034-2A55589A6C52}.Debug|x86.Build.0 = Debug|Win32
		{2EBDA6F6-FD8E-4B01-A034-2A55589A6C52}.Release|x64.ActiveCfg = Release|x64
		{2EBDA6F6-FD8E-4B01-A034-2A55589A6C52}.Release|x64.Build.0 = Release|x64
		{2EBDA6F6-FD8E-4B01-A034-2A55589A6C52}.Release|x86.ActiveCfg = Release|Win32
		{2EBDA6F6-FD8E-4B01-A034-2A55589A6C52}.Release|x86.Build.0 = Release|Win32
	EndGlobalSection
	GlobalSection(SolutionProperties) = preSolution
		HideSolutionNode = FALSE
	EndGlobalSection
	GlobalSection(ExtensibilityGlobals) = postSolution
		SolutionGuid = {43DE921F-3010-4D2B-A254-0797CA0BDF32}
	EndGlobalSection
EndGlobal
